
Microsoft Visual Studio Solution File, Format Version 12.00
# Visual Studio 15
VisualStudioVersion = 15.0.27428.2015
MinimumVisualStudioVersion = 10.0.40219.1
Project("{FAE04EC0-301F-11D3-BF4B-00C04F79EFBC}") = "PrepareLanding", "PrepareLanding.csproj", "{417E7144-1B89-42B4-AE98-7B3BBD6303DA}"
EndProject
Global
	GlobalSection(SolutionConfigurationPlatforms) = preSolution
		Debug|Any CPU = Debug|Any CPU
		Release|Any CPU = Release|Any CPU
	EndGlobalSection
	GlobalSection(ProjectConfigurationPlatforms) = postSolution
		{417E7144-1B89-42B4-AE98-7B3BBD6303DA}.Debug|Any CPU.ActiveCfg = Debug|Any CPU
		{417E7144-1B89-42B4-AE98-7B3BBD6303DA}.Debug|Any CPU.Build.0 = Debug|Any CPU
		{417E7144-1B89-42B4-AE98-7B3BBD6303DA}.Release|Any CPU.ActiveCfg = Release|Any CPU
		{417E7144-1B89-42B4-AE98-7B3BBD6303DA}.Release|Any CPU.Build.0 = Release|Any CPU
	EndGlobalSection
	GlobalSection(SolutionProperties) = preSolution
		HideSolutionNode = FALSE
	EndGlobalSection
	GlobalSection(ExtensibilityGlobals) = postSolution
		SolutionGuid = {77E38A4B-2B7F-42E2-B278-B0B75A9A644E}
	EndGlobalSection
EndGlobal
